
Microsoft Visual Studio Solution File, Format Version 12.00
# Visual Studio Version 16
VisualStudioVersion = 16.0.30621.155
MinimumVisualStudioVersion = 10.0.40219.1
Project("{888888A0-9F3D-457C-B088-3A5042F75D52}") = "FilesEdit", "FilesEdit\FilesEdit.pyproj", "{9351DE1E-037C-4326-94A6-F65055AE38EE}"
EndProject
Global
	GlobalSection(SolutionConfigurationPlatforms) = preSolution
		Debug|Any CPU = Debug|Any CPU
		Release|Any CPU = Release|Any CPU
	EndGlobalSection
	GlobalSection(ProjectConfigurationPlatforms) = postSolution
		{9351DE1E-037C-4326-94A6-F65055AE38EE}.Debug|Any CPU.ActiveCfg = Debug|Any CPU
		{9351DE1E-037C-4326-94A6-F65055AE38EE}.Release|Any CPU.ActiveCfg = Release|Any CPU
	EndGlobalSection
	GlobalSection(SolutionProperties) = preSolution
		HideSolutionNode = FALSE
	EndGlobalSection
	GlobalSection(ExtensibilityGlobals) = postSolution
		SolutionGuid = {AF8A2B7A-EC4A-406F-99AC-77206D6DEF23}
	EndGlobalSection
EndGlobal
